
Microsoft Visual Studio Solution File, Format Version 12.00
# Visual Studio 2015
Project("{FAE04EC0-301F-11D3-BF4B-00C04F79EFBC}") = "NumericWall.CSharp", "NumericWall.CSharp.csproj", "{CA01CC97-03FE-BF7A-54FC-0451A7120A9D}"
EndProject
Project("{FAE04EC0-301F-11D3-BF4B-00C04F79EFBC}") = "NumericWall.CSharp.Editor", "NumericWall.CSharp.Editor.csproj", "{B1A106E4-37FE-0F7C-AC75-3DD930E248AE}"
EndProject
Global
	GlobalSection(SolutionConfigurationPlatforms) = preSolution
		Debug|Any CPU = Debug|Any CPU
		Release|Any CPU = Release|Any CPU
	EndGlobalSection
	GlobalSection(ProjectConfigurationPlatforms) = postSolution
		{CA01CC97-03FE-BF7A-54FC-0451A7120A9D}.Debug|Any CPU.ActiveCfg = Debug|Any CPU
		{CA01CC97-03FE-BF7A-54FC-0451A7120A9D}.Debug|Any CPU.Build.0 = Debug|Any CPU
		{CA01CC97-03FE-BF7A-54FC-0451A7120A9D}.Release|Any CPU.ActiveCfg = Release|Any CPU
		{CA01CC97-03FE-BF7A-54FC-0451A7120A9D}.Release|Any CPU.Build.0 = Release|Any CPU
		{B1A106E4-37FE-0F7C-AC75-3DD930E248AE}.Debug|Any CPU.ActiveCfg = Debug|Any CPU
		{B1A106E4-37FE-0F7C-AC75-3DD930E248AE}.Debug|Any CPU.Build.0 = Debug|Any CPU
		{B1A106E4-37FE-0F7C-AC75-3DD930E248AE}.Release|Any CPU.ActiveCfg = Release|Any CPU
		{B1A106E4-37FE-0F7C-AC75-3DD930E248AE}.Release|Any CPU.Build.0 = Release|Any CPU
	EndGlobalSection
	GlobalSection(SolutionProperties) = preSolution
		HideSolutionNode = FALSE
	EndGlobalSection
EndGlobal
